
Microsoft Visual Studio Solution File, Format Version 12.00
# Visual Studio Version 17
VisualStudioVersion = 17.14.36310.24 d17.14
MinimumVisualStudioVersion = 10.0.40219.1
Project("{FAE04EC0-301F-11D3-BF4B-00C04F79EFBC}") = "Tsumiki", "Tsumiki.csproj", "{24AA71A4-B961-495A-A797-B4C3CACC934F}"
EndProject
Global
	GlobalSection(SolutionConfigurationPlatforms) = preSolution
		Debug|Any CPU = Debug|Any CPU
		Release|Any CPU = Release|Any CPU
	EndGlobalSection
	GlobalSection(ProjectConfigurationPlatforms) = postSolution
		{24AA71A4-B961-495A-A797-B4C3CACC934F}.Debug|Any CPU.ActiveCfg = Debug|Any CPU
		{24AA71A4-B961-495A-A797-B4C3CACC934F}.Debug|Any CPU.Build.0 = Debug|Any CPU
		{24AA71A4-B961-495A-A797-B4C3CACC934F}.Release|Any CPU.ActiveCfg = Release|Any CPU
		{24AA71A4-B961-495A-A797-B4C3CACC934F}.Release|Any CPU.Build.0 = Release|Any CPU
	EndGlobalSection
	GlobalSection(SolutionProperties) = preSolution
		HideSolutionNode = FALSE
	EndGlobalSection
	GlobalSection(ExtensibilityGlobals) = postSolution
		SolutionGuid = {D90435FB-5ED1-48AE-97A1-BE408FD38F3E}
	EndGlobalSection
EndGlobal
